
Microsoft Visual Studio Solution File, Format Version 12.00
# Visual Studio Version 17
VisualStudioVersion = 17.4.33122.133
MinimumVisualStudioVersion = 10.0.40219.1
Project("{FAE04EC0-301F-11D3-BF4B-00C04F79EFBC}") = "GetRate2", "GetRate\GetRate2.csproj", "{9592238A-EAF2-477D-AB20-F79430D024D7}"
EndProject
Project("{FAE04EC0-301F-11D3-BF4B-00C04F79EFBC}") = "Trinity_Request", "..\Trinity_Request\Trinity_Request\Trinity_Request.csproj", "{E1E2BFF8-F5AF-4937-A54C-C797235CC40F}"
EndProject
Global
	GlobalSection(SolutionConfigurationPlatforms) = preSolution
		Debug|Any CPU = Debug|Any CPU
		Release|Any CPU = Release|Any CPU
	EndGlobalSection
	GlobalSection(ProjectConfigurationPlatforms) = postSolution
		{9592238A-EAF2-477D-AB20-F79430D024D7}.Debug|Any CPU.ActiveCfg = Debug|Any CPU
		{9592238A-EAF2-477D-AB20-F79430D024D7}.Debug|Any CPU.Build.0 = Debug|Any CPU
		{9592238A-EAF2-477D-AB20-F79430D024D7}.Release|Any CPU.ActiveCfg = Release|Any CPU
		{9592238A-EAF2-477D-AB20-F79430D024D7}.Release|Any CPU.Build.0 = Release|Any CPU
		{E1E2BFF8-F5AF-4937-A54C-C797235CC40F}.Debug|Any CPU.ActiveCfg = Debug|Any CPU
		{E1E2BFF8-F5AF-4937-A54C-C797235CC40F}.Debug|Any CPU.Build.0 = Debug|Any CPU
		{E1E2BFF8-F5AF-4937-A54C-C797235CC40F}.Release|Any CPU.ActiveCfg = Release|Any CPU
		{E1E2BFF8-F5AF-4937-A54C-C797235CC40F}.Release|Any CPU.Build.0 = Release|Any CPU
	EndGlobalSection
	GlobalSection(SolutionProperties) = preSolution
		HideSolutionNode = FALSE
	EndGlobalSection
	GlobalSection(ExtensibilityGlobals) = postSolution
		SolutionGuid = {54433E8F-0118-4F46-8390-2D372970806D}
	EndGlobalSection
EndGlobal
